// !$*UTF8*$!
{
	archiveVersion = 1;
	classes = {
	};
	objectVersion = 46;
	objects = {

/* Begin PBXBuildFile section */
		C78F67771D5E7C3000258F4C /* AppDelegate.swift in Sources */ = {isa = PBXBuildFile; fileRef = C78F67761D5E7C3000258F4C /* AppDelegate.swift */; };
		C78F67791D5E7C3000258F4C /* ViewController.swift in Sources */ = {isa = PBXBuildFile; fileRef = C78F67781D5E7C3000258F4C /* ViewController.swift */; };
		C78F677B1D5E7C3000258F4C /* Assets.xcassets in Resources */ = {isa = PBXBuildFile; fileRef = C78F677A1D5E7C3000258F4C /* Assets.xcassets */; };
		C78F677E1D5E7C3000258F4C /* Main.storyboard in Resources */ = {isa = PBXBuildFile; fileRef = C78F677C1D5E7C3000258F4C /* Main.storyboard */; };
		C78F67861D5E80A500258F4C /* MetaEditor.swift in Sources */ = {isa = PBXBuildFile; fileRef = C78F67851D5E80A500258F4C /* MetaEditor.swift */; };
		C78F67881D5E839800258F4C /* DragDrop.swift in Sources */ = {isa = PBXBuildFile; fileRef = C78F67871D5E839800258F4C /* DragDrop.swift */; };
/* End PBXBuildFile section */

/* Begin PBXFileReference section */
		C78F67731D5E7C3000258F4C /* meditor.app */ = {isa = PBXFileReference; explicitFileType = wrapper.application; includeInIndex = 0; path = meditor.app; sourceTree = BUILT_PRODUCTS_DIR; };
		C78F67761D5E7C3000258F4C /* AppDelegate.swift */ = {isa = PBXFileReference; lastKnownFileType = sourcecode.swift; path = AppDelegate.swift; sourceTree = "<group>"; };
		C78F67781D5E7C3000258F4C /* ViewController.swift */ = {isa = PBXFileReference; lastKnownFileType = sourcecode.swift; path = ViewController.swift; sourceTree = "<group>"; };
		C78F677A1D5E7C3000258F4C /* Assets.xcassets */ = {isa = PBXFileReference; lastKnownFileType = folder.assetcatalog; path = Assets.xcassets; sourceTree = "<group>"; };
		C78F677D1D5E7C3000258F4C /* Base */ = {isa = PBXFileReference; lastKnownFileType = file.storyboard; name = Base; path = Base.lproj/Main.storyboard; sourceTree = "<group>"; };
		C78F677F1D5E7C3000258F4C /* Info.plist */ = {isa = PBXFileReference; lastKnownFileType = text.plist.xml; path = Info.plist; sourceTree = "<group>"; };
		C78F67851D5E80A500258F4C /* MetaEditor.swift */ = {isa = PBXFileReference; fileEncoding = 4; lastKnownFileType = sourcecode.swift; path = MetaEditor.swift; sourceTree = "<group>"; };
		C78F67871D5E839800258F4C /* DragDrop.swift */ = {isa = PBXFileReference; fileEncoding = 4; lastKnownFileType = sourcecode.swift; path = DragDrop.swift; sourceTree = "<group>"; };
/* End PBXFileReference section */

/* Begin PBXFrameworksBuildPhase section */
		C78F67701D5E7C3000258F4C /* Frameworks */ = {
			isa = PBXFrameworksBuildPhase;
			buildActionMask = 2147483647;
			files = (
			);
			runOnlyForDeploymentPostprocessing = 0;
		};
/* End PBXFrameworksBuildPhase section */

/* Begin PBXGroup section */
		C78F676A1D5E7C3000258F4C = {
			isa = PBXGroup;
			children = (
				C78F67751D5E7C3000258F4C /* meditor */,
				C78F67741D5E7C3000258F4C /* Products */,
			);
			sourceTree = "<group>";
		};
		C78F67741D5E7C3000258F4C /* Products */ = {
			isa = PBXGroup;
			children = (
				C78F67731D5E7C3000258F4C /* meditor.app */,
			);
			name = Products;
			sourceTree = "<group>";
		};
		C78F67751D5E7C3000258F4C /* meditor */ = {
			isa = PBXGroup;
			children = (
				C78F67761D5E7C3000258F4C /* AppDelegate.swift */,
				C78F67781D5E7C3000258F4C /* ViewController.swift */,
				C78F677A1D5E7C3000258F4C /* Assets.xcassets */,
				C78F677C1D5E7C3000258F4C /* Main.storyboard */,
				C78F67851D5E80A500258F4C /* MetaEditor.swift */,
				C78F67871D5E839800258F4C /* DragDrop.swift */,
				C78F677F1D5E7C3000258F4C /* Info.plist */,
			);
			path = meditor;
			sourceTree = "<group>";
		};
/* End PBXGroup section */

/* Begin PBXNativeTarget section */
		C78F67721D5E7C3000258F4C /* meditor */ = {
			isa = PBXNativeTarget;
			buildConfigurationList = C78F67821D5E7C3000258F4C /* Build configuration list for PBXNativeTarget "meditor" */;
			buildPhases = (
				C78F676F1D5E7C3000258F4C /* Sources */,
				C78F67701D5E7C3000258F4C /* Frameworks */,
				C78F67711D5E7C3000258F4C /* Resources */,
			);
			buildRules = (
			);
			dependencies = (
			);
			name = meditor;
			productName = meditor;
			productReference = C78F67731D5E7C3000258F4C /* meditor.app */;
			productType = "com.apple.product-type.application";
		};
/* End PBXNativeTarget section */

/* Begin PBXProject section */
		C78F676B1D5E7C3000258F4C /* Project object */ = {
			isa = PBXProject;
			attributes = {
				LastSwiftUpdateCheck = 0730;
				LastUpgradeCheck = 0730;
				ORGANIZATIONNAME = "Jake Kara";
				TargetAttributes = {
					C78F67721D5E7C3000258F4C = {
						CreatedOnToolsVersion = 7.3.1;
					};
				};
			};
			buildConfigurationList = C78F676E1D5E7C3000258F4C /* Build configuration list for PBXProject "meditor" */;
			compatibilityVersion = "Xcode 3.2";
			developmentRegion = English;
			hasScannedForEncodings = 0;
			knownRegions = (
				en,
				Base,
			);
			mainGroup = C78F676A1D5E7C3000258F4C;
			productRefGroup = C78F67741D5E7C3000258F4C /* Products */;
			projectDirPath = "";
			projectRoot = "";
			targets = (
				C78F67721D5E7C3000258F4C /* meditor */,
			);
		};
/* End PBXProject section */

/* Begin PBXResourcesBuildPhase section */
		C78F67711D5E7C3000258F4C /* Resources */ = {
			isa = PBXResourcesBuildPhase;
			buildActionMask = 2147483647;
			files = (
				C78F677B1D5E7C3000258F4C /* Assets.xcassets in Resources */,
				C78F677E1D5E7C3000258F4C /* Main.storyboard in Resources */,
			);
			runOnlyForDeploymentPostprocessing = 0;
		};
/* End PBXResourcesBuildPhase section */

/* Begin PBXSourcesBuildPhase section */
		C78F676F1D5E7C3000258F4C /* Sources */ = {
			isa = PBXSourcesBuildPhase;
			buildActionMask = 2147483647;
			files = (
				C78F67881D5E839800258F4C /* DragDrop.swift in Sources */,
				C78F67791D5E7C3000258F4C /* ViewController.swift in Sources */,
				C78F67861D5E80A500258F4C /* MetaEditor.swift in Sources */,
				C78F67771D5E7C3000258F4C /* AppDelegate.swift in Sources */,
			);
			runOnlyForDeploymentPostprocessing = 0;
		};
/* End PBXSourcesBuildPhase section */

/* Begin PBXVariantGroup section */
		C78F677C1D5E7C3000258F4C /* Main.storyboard */ = {
			isa = PBXVariantGroup;
			children = (
				C78F677D1D5E7C3000258F4C /* Base */,
			);
			name = Main.storyboard;
			sourceTree = "<group>";
		};
/* End PBXVariantGroup section */

/* Begin XCBuildConfiguration section */
		C78F67801D5E7C3000258F4C /* Debug */ = {
			isa = XCBuildConfiguration;
			buildSettings = {
				ALWAYS_SEARCH_USER_PATHS = NO;
				CLANG_ANALYZER_NONNULL = YES;
				CLANG_CXX_LANGUAGE_STANDARD = "gnu++0x";
				CLANG_CXX_LIBRARY = "libc++";
				CLANG_ENABLE_MODULES = YES;
				CLANG_ENABLE_OBJC_ARC = YES;
				CLANG_WARN_BOOL_CONVERSION = YES;
				CLANG_WARN_CONSTANT_CONVERSION = YES;
				CLANG_WARN_DIRECT_OBJC_ISA_USAGE = YES_ERROR;
				CLANG_WARN_EMPTY_BODY = YES;
				CLANG_WARN_ENUM_CONVERSION = YES;
				CLANG_WARN_INT_CONVERSION = YES;
				CLANG_WARN_OBJC_ROOT_CLASS = YES_ERROR;
				CLANG_WARN_UNREACHABLE_CODE = YES;
				CLANG_WARN__DUPLICATE_METHOD_MATCH = YES;
				CODE_SIGN_IDENTITY = "-";
				COPY_PHASE_STRIP = NO;
				DEBUG_INFORMATION_FORMAT = dwarf;
				ENABLE_STRICT_OBJC_MSGSEND = YES;
				ENABLE_TESTABILITY = YES;
				GCC_C_LANGUAGE_STANDARD = gnu99;
				GCC_DYNAMIC_NO_PIC = NO;
				GCC_NO_COMMON_BLOCKS = YES;
				GCC_OPTIMIZATION_LEVEL = 0;
				GCC_PREPROCESSOR_DEFINITIONS = (
					"DEBUG=1",
					"$(inherited)",
				);
				GCC_WARN_64_TO_32_BIT_CONVERSION = YES;
				GCC_WARN_ABOUT_RETURN_TYPE = YES_ERROR;
				GCC_WARN_UNDECLARED_SELECTOR = YES;
				GCC_WARN_UNINITIALIZED_AUTOS = YES_AGGRESSIVE;
				GCC_WARN_UNUSED_FUNCTION = YES;
				GCC_WARN_UNUSED_VARIABLE = YES;
				MACOSX_DEPLOYMENT_TARGET = 10.11;
				MTL_ENABLE_DEBUG_INFO = YES;
				ONLY_ACTIVE_ARCH = YES;
				SDKROOT = macosx;
				SWIFT_OPTIMIZATION_LEVEL = "-Onone";
			};
			name = Debug;
		};
		C78F67811D5E7C3000258F4C /* Release */ = {
			isa = XCBuildConfiguration;
			buildSettings = {
				ALWAYS_SEARCH_USER_PATHS = NO;
				CLANG_ANALYZER_NONNULL = YES;
				CLANG_CXX_LANGUAGE_STANDARD = "gnu++0x";
				CLANG_CXX_LIBRARY = "libc++";
				CLANG_ENABLE_MODULES = YES;
				CLANG_ENABLE_OBJC_ARC = YES;
				CLANG_WARN_BOOL_CONVERSION = YES;
				CLANG_WARN_CONSTANT_CONVERSION = YES;
				CLANG_WARN_DIRECT_OBJC_ISA_USAGE = YES_ERROR;
				CLANG_WARN_EMPTY_BODY = YES;
				CLANG_WARN_ENUM_CONVERSION = YES;
				CLANG_WARN_INT_CONVERSION = YES;
				CLANG_WARN_OBJC_ROOT_CLASS = YES_ERROR;
				CLANG_WARN_UNREACHABLE_CODE = YES;
				CLANG_WARN__DUPLICATE_METHOD_MATCH = YES;
				CODE_SIGN_IDENTITY = "-";
				COPY_PHASE_STRIP = NO;
				DEBUG_INFORMATION_FORMAT = "dwarf-with-dsym";
				ENABLE_NS_ASSERTIONS = NO;
				ENABLE_STRICT_OBJC_MSGSEND = YES;
				GCC_C_LANGUAGE_STANDARD = gnu99;
				GCC_NO_COMMON_BLOCKS = YES;
				GCC_WARN_64_TO_32_BIT_CONVERSION = YES;
				GCC_WARN_ABOUT_RETURN_TYPE = YES_ERROR;
				GCC_WARN_UNDECLARED_SELECTOR = YES;
				GCC_WARN_UNINITIALIZED_AUTOS = YES_AGGRESSIVE;
				GCC_WARN_UNUSED_FUNCTION = YES;
				GCC_WARN_UNUSED_VARIABLE = YES;
				MACOSX_DEPLOYMENT_TARGET = 10.11;
				MTL_ENABLE_DEBUG_INFO = NO;
				SDKROOT = macosx;
			};
			name = Release;
		};
		C78F67831D5E7C3000258F4C /* Debug */ = {
			isa = XCBuildConfiguration;
			buildSettings = {
				ASSETCATALOG_COMPILER_APPICON_NAME = AppIcon;
				COMBINE_HIDPI_IMAGES = YES;
				INFOPLIST_FILE = meditor/Info.plist;
				LD_RUNPATH_SEARCH_PATHS = "$(inherited) @executable_path/../Frameworks";
				PRODUCT_BUNDLE_IDENTIFIER = com.jakekara.meditor;
				PRODUCT_NAME = "$(TARGET_NAME)";
			};
			name = Debug;
		};
		C78F67841D5E7C3000258F4C /* Release */ = {
			isa = XCBuildConfiguration;
			buildSettings = {
				ASSETCATALOG_COMPILER_APPICON_NAME = AppIcon;
				COMBINE_HIDPI_IMAGES = YES;
				INFOPLIST_FILE = meditor/Info.plist;
				LD_RUNPATH_SEARCH_PATHS = "$(inherited) @executable_path/../Frameworks";
				PRODUCT_BUNDLE_IDENTIFIER = com.jakekara.meditor;
				PRODUCT_NAME = "$(TARGET_NAME)";
			};
			name = Release;
		};
/* End XCBuildConfiguration section */

/* Begin XCConfigurationList section */
		C78F676E1D5E7C3000258F4C /* Build configuration list for PBXProject "meditor" */ = {
			isa = XCConfigurationList;
			buildConfigurations = (
				C78F67801D5E7C3000258F4C /* Debug */,
				C78F67811D5E7C3000258F4C /* Release */,
			);
			defaultConfigurationIsVisible = 0;
			defaultConfigurationName = Release;
		};
		C78F67821D5E7C3000258F4C /* Build configuration list for PBXNativeTarget "meditor" */ = {
			isa = XCConfigurationList;
			buildConfigurations = (
				C78F67831D5E7C3000258F4C /* Debug */,
				C78F67841D5E7C3000258F4C /* Release */,
			);
			defaultConfigurationIsVisible = 0;
		};
/* End XCConfigurationList section */
	};
	rootObject = C78F676B1D5E7C3000258F4C /* Project object */;
}
